
Microsoft Visual Studio Solution File, Format Version 12.00
# Visual Studio 15
VisualStudioVersion = 15.0.28307.168
MinimumVisualStudioVersion = 10.0.40219.1
Project("{FAE04EC0-301F-11D3-BF4B-00C04F79EFBC}") = "Composition", "Composition\Composition.csproj", "{DF6FB82B-EADF-4372-9873-BC836FFEF9B8}"
EndProject
Project("{FAE04EC0-301F-11D3-BF4B-00C04F79EFBC}") = "Testability", "Testability\Testability.csproj", "{24C74FA2-9918-4AF5-A588-48B45155841A}"
EndProject
Project("{FAE04EC0-301F-11D3-BF4B-00C04F79EFBC}") = "Testability.UnitTest", "Testability.UnitTest\Testability.UnitTest.csproj", "{6426F29C-1609-42C0-8B21-74F5ABD00F02}"
EndProject
Project("{FAE04EC0-301F-11D3-BF4B-00C04F79EFBC}") = "Extensibility", "Extensibility\Extensibility.csproj", "{B2581DA9-0CF6-4080-BC0B-E8212A8D1DCC}"
EndProject
Project("{FAE04EC0-301F-11D3-BF4B-00C04F79EFBC}") = "Polymorphism", "Polymorphism\Polymorphism.csproj", "{A5E490BD-D26E-46DF-BCA8-3B876759356F}"
EndProject
Project("{FAE04EC0-301F-11D3-BF4B-00C04F79EFBC}") = "Async", "Async\Async.csproj", "{F6477FF3-5B48-40B1-AE17-2222DCA12E33}"
EndProject
Project("{FAE04EC0-301F-11D3-BF4B-00C04F79EFBC}") = "WebApp", "WebApp\WebApp.csproj", "{AF8C8810-827D-4A6B-A16E-E63EBC06E85B}"
EndProject
Project("{FAE04EC0-301F-11D3-BF4B-00C04F79EFBC}") = "MyConsoleApp", "MyConsoleApp\MyConsoleApp.csproj", "{38512C7A-3D6D-49E2-A7F8-1E3F0B39D369}"
EndProject
Global
	GlobalSection(SolutionConfigurationPlatforms) = preSolution
		Debug|Any CPU = Debug|Any CPU
		Release|Any CPU = Release|Any CPU
	EndGlobalSection
	GlobalSection(ProjectConfigurationPlatforms) = postSolution
		{DF6FB82B-EADF-4372-9873-BC836FFEF9B8}.Debug|Any CPU.ActiveCfg = Debug|Any CPU
		{DF6FB82B-EADF-4372-9873-BC836FFEF9B8}.Debug|Any CPU.Build.0 = Debug|Any CPU
		{DF6FB82B-EADF-4372-9873-BC836FFEF9B8}.Release|Any CPU.ActiveCfg = Release|Any CPU
		{DF6FB82B-EADF-4372-9873-BC836FFEF9B8}.Release|Any CPU.Build.0 = Release|Any CPU
		{24C74FA2-9918-4AF5-A588-48B45155841A}.Debug|Any CPU.ActiveCfg = Debug|Any CPU
		{24C74FA2-9918-4AF5-A588-48B45155841A}.Debug|Any CPU.Build.0 = Debug|Any CPU
		{24C74FA2-9918-4AF5-A588-48B45155841A}.Release|Any CPU.ActiveCfg = Release|Any CPU
		{24C74FA2-9918-4AF5-A588-48B45155841A}.Release|Any CPU.Build.0 = Release|Any CPU
		{6426F29C-1609-42C0-8B21-74F5ABD00F02}.Debug|Any CPU.ActiveCfg = Debug|Any CPU
		{6426F29C-1609-42C0-8B21-74F5ABD00F02}.Debug|Any CPU.Build.0 = Debug|Any CPU
		{6426F29C-1609-42C0-8B21-74F5ABD00F02}.Release|Any CPU.ActiveCfg = Release|Any CPU
		{6426F29C-1609-42C0-8B21-74F5ABD00F02}.Release|Any CPU.Build.0 = Release|Any CPU
		{B2581DA9-0CF6-4080-BC0B-E8212A8D1DCC}.Debug|Any CPU.ActiveCfg = Debug|Any CPU
		{B2581DA9-0CF6-4080-BC0B-E8212A8D1DCC}.Debug|Any CPU.Build.0 = Debug|Any CPU
		{B2581DA9-0CF6-4080-BC0B-E8212A8D1DCC}.Release|Any CPU.ActiveCfg = Release|Any CPU
		{B2581DA9-0CF6-4080-BC0B-E8212A8D1DCC}.Release|Any CPU.Build.0 = Release|Any CPU
		{A5E490BD-D26E-46DF-BCA8-3B876759356F}.Debug|Any CPU.ActiveCfg = Debug|Any CPU
		{A5E490BD-D26E-46DF-BCA8-3B876759356F}.Debug|Any CPU.Build.0 = Debug|Any CPU
		{A5E490BD-D26E-46DF-BCA8-3B876759356F}.Release|Any CPU.ActiveCfg = Release|Any CPU
		{A5E490BD-D26E-46DF-BCA8-3B876759356F}.Release|Any CPU.Build.0 = Release|Any CPU
		{F6477FF3-5B48-40B1-AE17-2222DCA12E33}.Debug|Any CPU.ActiveCfg = Debug|Any CPU
		{F6477FF3-5B48-40B1-AE17-2222DCA12E33}.Debug|Any CPU.Build.0 = Debug|Any CPU
		{F6477FF3-5B48-40B1-AE17-2222DCA12E33}.Release|Any CPU.ActiveCfg = Release|Any CPU
		{F6477FF3-5B48-40B1-AE17-2222DCA12E33}.Release|Any CPU.Build.0 = Release|Any CPU
		{AF8C8810-827D-4A6B-A16E-E63EBC06E85B}.Debug|Any CPU.ActiveCfg = Debug|Any CPU
		{AF8C8810-827D-4A6B-A16E-E63EBC06E85B}.Debug|Any CPU.Build.0 = Debug|Any CPU
		{AF8C8810-827D-4A6B-A16E-E63EBC06E85B}.Release|Any CPU.ActiveCfg = Release|Any CPU
		{AF8C8810-827D-4A6B-A16E-E63EBC06E85B}.Release|Any CPU.Build.0 = Release|Any CPU
		{38512C7A-3D6D-49E2-A7F8-1E3F0B39D369}.Debug|Any CPU.ActiveCfg = Debug|Any CPU
		{38512C7A-3D6D-49E2-A7F8-1E3F0B39D369}.Debug|Any CPU.Build.0 = Debug|Any CPU
		{38512C7A-3D6D-49E2-A7F8-1E3F0B39D369}.Release|Any CPU.ActiveCfg = Release|Any CPU
		{38512C7A-3D6D-49E2-A7F8-1E3F0B39D369}.Release|Any CPU.Build.0 = Release|Any CPU
	EndGlobalSection
	GlobalSection(SolutionProperties) = preSolution
		HideSolutionNode = FALSE
	EndGlobalSection
	GlobalSection(ExtensibilityGlobals) = postSolution
		SolutionGuid = {1939500C-E7E1-4511-BEB0-E51176B42DE7}
	EndGlobalSection
EndGlobal
